
Microsoft Visual Studio Solution File, Format Version 12.00
# Visual Studio 15
VisualStudioVersion = 15.0.27130.2027
MinimumVisualStudioVersion = 10.0.40219.1
Project("{FAE04EC0-301F-11D3-BF4B-00C04F79EFBC}") = "WebApp.API", "WebApp.API\WebApp.API.csproj", "{55F4DBD3-9B4B-46E1-AA2F-749920699BBA}"
EndProject
Project("{FAE04EC0-301F-11D3-BF4B-00C04F79EFBC}") = "WebApp.TesteIntegracao", "WebApp.TesteIntegracao\WebApp.TesteIntegracao.csproj", "{DE937591-2C58-422E-840C-0D32DCFE8CE1}"
EndProject
Global
	GlobalSection(SolutionConfigurationPlatforms) = preSolution
		Debug|Any CPU = Debug|Any CPU
		Release|Any CPU = Release|Any CPU
	EndGlobalSection
	GlobalSection(ProjectConfigurationPlatforms) = postSolution
		{55F4DBD3-9B4B-46E1-AA2F-749920699BBA}.Debug|Any CPU.ActiveCfg = Debug|Any CPU
		{55F4DBD3-9B4B-46E1-AA2F-749920699BBA}.Debug|Any CPU.Build.0 = Debug|Any CPU
		{55F4DBD3-9B4B-46E1-AA2F-749920699BBA}.Release|Any CPU.ActiveCfg = Release|Any CPU
		{55F4DBD3-9B4B-46E1-AA2F-749920699BBA}.Release|Any CPU.Build.0 = Release|Any CPU
		{DE937591-2C58-422E-840C-0D32DCFE8CE1}.Debug|Any CPU.ActiveCfg = Debug|Any CPU
		{DE937591-2C58-422E-840C-0D32DCFE8CE1}.Debug|Any CPU.Build.0 = Debug|Any CPU
		{DE937591-2C58-422E-840C-0D32DCFE8CE1}.Release|Any CPU.ActiveCfg = Release|Any CPU
		{DE937591-2C58-422E-840C-0D32DCFE8CE1}.Release|Any CPU.Build.0 = Release|Any CPU
	EndGlobalSection
	GlobalSection(SolutionProperties) = preSolution
		HideSolutionNode = FALSE
	EndGlobalSection
	GlobalSection(ExtensibilityGlobals) = postSolution
		SolutionGuid = {35F964B0-2023-4601-81AA-CB02E3BA2C93}
	EndGlobalSection
EndGlobal
